Microsoft Visual Studio Solution File, Format Version 12.00
# Visual Studio Version 17
VisualStudioVersion = 17.5.2.0
MinimumVisualStudioVersion = 10.0.40219.1
Project("{FAE04EC0-301F-11D3-BF4B-00C04F79EFBC}") = "BalancedSentries", "BalancedSentries.csproj", "{C0923442-4FAB-6F8E-56D0-85E696DFCE81}"
EndProject
Global
	GlobalSection(SolutionConfigurationPlatforms) = preSolution
		Debug|Any CPU = Debug|Any CPU
		Release|Any CPU = Release|Any CPU
	EndGlobalSection
	GlobalSection(ProjectConfigurationPlatforms) = postSolution
		{C0923442-4FAB-6F8E-56D0-85E696DFCE81}.Debug|Any CPU.ActiveCfg = Debug|Any CPU
		{C0923442-4FAB-6F8E-56D0-85E696DFCE81}.Debug|Any CPU.Build.0 = Debug|Any CPU
		{C0923442-4FAB-6F8E-56D0-85E696DFCE81}.Release|Any CPU.ActiveCfg = Release|Any CPU
		{C0923442-4FAB-6F8E-56D0-85E696DFCE81}.Release|Any CPU.Build.0 = Release|Any CPU
	EndGlobalSection
	GlobalSection(SolutionProperties) = preSolution
		HideSolutionNode = FALSE
	EndGlobalSection
	GlobalSection(ExtensibilityGlobals) = postSolution
		SolutionGuid = {34D2BB44-D4CF-4313-9540-3BF7EAAD2B8C}
	EndGlobalSection
EndGlobal
